// !$*UTF8*$!
{
	archiveVersion = 1;
	classes = {
	};
	objectVersion = 46;
	objects = {

/* Begin PBXBuildFile section */
		0CE2C31B1CA66C8700F813DB /* main.cpp in Sources */ = {isa = PBXBuildFile; fileRef = 0CE2C31A1CA66C8700F813DB /* main.cpp */; };
/* End PBXBuildFile section */

/* Begin PBXCopyFilesBuildPhase section */
		0CE2C3151CA66C8700F813DB /* CopyFiles */ = {
			isa = PBXCopyFilesBuildPhase;
			buildActionMask = 2147483647;
			dstPath = /usr/share/man/man1/;
			dstSubfolderSpec = 0;
			files = (
			);
			runOnlyForDeploymentPostprocessing = 1;
		};
/* End PBXCopyFilesBuildPhase section */

/* Begin PBXFileReference section */
		0CE2C3171CA66C8700F813DB /* 0-1Knapsack */ = {isa = PBXFileReference; explicitFileType = "compiled.mach-o.executable"; includeInIndex = 0; path = "0-1Knapsack"; sourceTree = BUILT_PRODUCTS_DIR; };
		0CE2C31A1CA66C8700F813DB /* main.cpp */ = {isa = PBXFileReference; lastKnownFileType = sourcecode.cpp.cpp; path = main.cpp; sourceTree = "<group>"; };
/* End PBXFileReference section */

/* Begin PBXFrameworksBuildPhase section */
		0CE2C3141CA66C8700F813DB /* Frameworks */ = {
			isa = PBXFrameworksBuildPhase;
			buildActionMask = 2147483647;
			files = (
			);
			runOnlyForDeploymentPostprocessing = 0;
		};
/* End PBXFrameworksBuildPhase section */

/* Begin PBXGroup section */
		0CE2C30E1CA66C8700F813DB = {
			isa = PBXGroup;
			children = (
				0CE2C3191CA66C8700F813DB /* 0-1Knapsack */,
				0CE2C3181CA66C8700F813DB /* Products */,
			);
			sourceTree = "<group>";
		};
		0CE2C3181CA66C8700F813DB /* Products */ = {
			isa = PBXGroup;
			children = (
				0CE2C3171CA66C8700F813DB /* 0-1Knapsack */,
			);
			name = Products;
			sourceTree = "<group>";
		};
		0CE2C3191CA66C8700F813DB /* 0-1Knapsack */ = {
			isa = PBXGroup;
			children = (
				0CE2C31A1CA66C8700F813DB /* main.cpp */,
			);
			path = "0-1Knapsack";
			sourceTree = "<group>";
		};
/* End PBXGroup section */

/* Begin PBXNativeTarget section */
		0CE2C3161CA66C8700F813DB /* 0-1Knapsack */ = {
			isa = PBXNativeTarget;
			buildConfigurationList = 0CE2C31E1CA66C8700F813DB /* Build configuration list for PBXNativeTarget "0-1Knapsack" */;
			buildPhases = (
				0CE2C3131CA66C8700F813DB /* Sources */,
				0CE2C3141CA66C8700F813DB /* Frameworks */,
				0CE2C3151CA66C8700F813DB /* CopyFiles */,
			);
			buildRules = (
			);
			dependencies = (
			);
			name = "0-1Knapsack";
			productName = "0-1Knapsack";
			productReference = 0CE2C3171CA66C8700F813DB /* 0-1Knapsack */;
			productType = "com.apple.product-type.tool";
		};
/* End PBXNativeTarget section */

/* Begin PBXProject section */
		0CE2C30F1CA66C8700F813DB /* Project object */ = {
			isa = PBXProject;
			attributes = {
				LastUpgradeCheck = 0730;
				ORGANIZATIONNAME = JIBA;
				TargetAttributes = {
					0CE2C3161CA66C8700F813DB = {
						CreatedOnToolsVersion = 7.3;
					};
				};
			};
			buildConfigurationList = 0CE2C3121CA66C8700F813DB /* Build configuration list for PBXProject "0-1Knapsack" */;
			compatibilityVersion = "Xcode 3.2";
			developmentRegion = English;
			hasScannedForEncodings = 0;
			knownRegions = (
				en,
			);
			mainGroup = 0CE2C30E1CA66C8700F813DB;
			productRefGroup = 0CE2C3181CA66C8700F813DB /* Products */;
			projectDirPath = "";
			projectRoot = "";
			targets = (
				0CE2C3161CA66C8700F813DB /* 0-1Knapsack */,
			);
		};
/* End PBXProject section */

/* Begin PBXSourcesBuildPhase section */
		0CE2C3131CA66C8700F813DB /* Sources */ = {
			isa = PBXSourcesBuildPhase;
			buildActionMask = 2147483647;
			files = (
				0CE2C31B1CA66C8700F813DB /* main.cpp in Sources */,
			);
			runOnlyForDeploymentPostprocessing = 0;
		};
/* End PBXSourcesBuildPhase section */

/* Begin XCBuildConfiguration section */
		0CE2C31C1CA66C8700F813DB /* Debug */ = {
			isa = XCBuildConfiguration;
			buildSettings = {
				ALWAYS_SEARCH_USER_PATHS = NO;
				CLANG_ANALYZER_NONNULL = YES;
				CLANG_CXX_LANGUAGE_STANDARD = "gnu++0x";
				CLANG_CXX_LIBRARY = "libc++";
				CLANG_ENABLE_MODULES = YES;
				CLANG_ENABLE_OBJC_ARC = YES;
				CLANG_WARN_BOOL_CONVERSION = YES;
				CLANG_WARN_CONSTANT_CONVERSION = YES;
				CLANG_WARN_DIRECT_OBJC_ISA_USAGE = YES_ERROR;
				CLANG_WARN_EMPTY_BODY = YES;
				CLANG_WARN_ENUM_CONVERSION = YES;
				CLANG_WARN_INT_CONVERSION = YES;
				CLANG_WARN_OBJC_ROOT_CLASS = YES_ERROR;
				CLANG_WARN_UNREACHABLE_CODE = YES;
				CLANG_WARN__DUPLICATE_METHOD_MATCH = YES;
				CODE_SIGN_IDENTITY = "-";
				COPY_PHASE_STRIP = NO;
				DEBUG_INFORMATION_FORMAT = dwarf;
				ENABLE_STRICT_OBJC_MSGSEND = YES;
				ENABLE_TESTABILITY = YES;
				GCC_C_LANGUAGE_STANDARD = gnu99;
				GCC_DYNAMIC_NO_PIC = NO;
				GCC_NO_COMMON_BLOCKS = YES;
				GCC_OPTIMIZATION_LEVEL = 0;
				GCC_PREPROCESSOR_DEFINITIONS = (
					"DEBUG=1",
					"$(inherited)",
				);
				GCC_WARN_64_TO_32_BIT_CONVERSION = YES;
				GCC_WARN_ABOUT_RETURN_TYPE = YES_ERROR;
				GCC_WARN_UNDECLARED_SELECTOR = YES;
				GCC_WARN_UNINITIALIZED_AUTOS = YES_AGGRESSIVE;
				GCC_WARN_UNUSED_FUNCTION = YES;
				GCC_WARN_UNUSED_VARIABLE = YES;
				MACOSX_DEPLOYMENT_TARGET = 10.11;
				MTL_ENABLE_DEBUG_INFO = YES;
				ONLY_ACTIVE_ARCH = YES;
				SDKROOT = macosx;
			};
			name = Debug;
		};
		0CE2C31D1CA66C8700F813DB /* Release */ = {
			isa = XCBuildConfiguration;
			buildSettings = {
				ALWAYS_SEARCH_USER_PATHS = NO;
				CLANG_ANALYZER_NONNULL = YES;
				CLANG_CXX_LANGUAGE_STANDARD = "gnu++0x";
				CLANG_CXX_LIBRARY = "libc++";
				CLANG_ENABLE_MODULES = YES;
				CLANG_ENABLE_OBJC_ARC = YES;
				CLANG_WARN_BOOL_CONVERSION = YES;
				CLANG_WARN_CONSTANT_CONVERSION = YES;
				CLANG_WARN_DIRECT_OBJC_ISA_USAGE = YES_ERROR;
				CLANG_WARN_EMPTY_BODY = YES;
				CLANG_WARN_ENUM_CONVERSION = YES;
				CLANG_WARN_INT_CONVERSION = YES;
				CLANG_WARN_OBJC_ROOT_CLASS = YES_ERROR;
				CLANG_WARN_UNREACHABLE_CODE = YES;
				CLANG_WARN__DUPLICATE_METHOD_MATCH = YES;
				CODE_SIGN_IDENTITY = "-";
				COPY_PHASE_STRIP = NO;
				DEBUG_INFORMATION_FORMAT = "dwarf-with-dsym";
				ENABLE_NS_ASSERTIONS = NO;
				ENABLE_STRICT_OBJC_MSGSEND = YES;
				GCC_C_LANGUAGE_STANDARD = gnu99;
				GCC_NO_COMMON_BLOCKS = YES;
				GCC_WARN_64_TO_32_BIT_CONVERSION = YES;
				GCC_WARN_ABOUT_RETURN_TYPE = YES_ERROR;
				GCC_WARN_UNDECLARED_SELECTOR = YES;
				GCC_WARN_UNINITIALIZED_AUTOS = YES_AGGRESSIVE;
				GCC_WARN_UNUSED_FUNCTION = YES;
				GCC_WARN_UNUSED_VARIABLE = YES;
				MACOSX_DEPLOYMENT_TARGET = 10.11;
				MTL_ENABLE_DEBUG_INFO = NO;
				SDKROOT = macosx;
			};
			name = Release;
		};
		0CE2C31F1CA66C8700F813DB /* Debug */ = {
			isa = XCBuildConfiguration;
			buildSettings = {
				PRODUCT_NAME = "$(TARGET_NAME)";
			};
			name = Debug;
		};
		0CE2C3201CA66C8700F813DB /* Release */ = {
			isa = XCBuildConfiguration;
			buildSettings = {
				PRODUCT_NAME = "$(TARGET_NAME)";
			};
			name = Release;
		};
/* End XCBuildConfiguration section */

/* Begin XCConfigurationList section */
		0CE2C3121CA66C8700F813DB /* Build configuration list for PBXProject "0-1Knapsack" */ = {
			isa = XCConfigurationList;
			buildConfigurations = (
				0CE2C31C1CA66C8700F813DB /* Debug */,
				0CE2C31D1CA66C8700F813DB /* Release */,
			);
			defaultConfigurationIsVisible = 0;
			defaultConfigurationName = Release;
		};
		0CE2C31E1CA66C8700F813DB /* Build configuration list for PBXNativeTarget "0-1Knapsack" */ = {
			isa = XCConfigurationList;
			buildConfigurations = (
				0CE2C31F1CA66C8700F813DB /* Debug */,
				0CE2C3201CA66C8700F813DB /* Release */,
			);
			defaultConfigurationIsVisible = 0;
		};
/* End XCConfigurationList section */
	};
	rootObject = 0CE2C30F1CA66C8700F813DB /* Project object */;
}
